
Microsoft Visual Studio Solution File, Format Version 12.00
# Visual Studio 15
VisualStudioVersion = 15.0.28307.168
MinimumVisualStudioVersion = 10.0.40219.1
Project("{FAE04EC0-301F-11D3-BF4B-00C04F79EFBC}") = "RestaurantRater", "RestaurantRater\RestaurantRater.csproj", "{32A4B953-69DA-4105-B0CC-53C752879D67}"
EndProject
Global
	GlobalSection(SolutionConfigurationPlatforms) = preSolution
		Debug|Any CPU = Debug|Any CPU
		Release|Any CPU = Release|Any CPU
	EndGlobalSection
	GlobalSection(ProjectConfigurationPlatforms) = postSolution
		{32A4B953-69DA-4105-B0CC-53C752879D67}.Debug|Any CPU.ActiveCfg = Debug|Any CPU
		{32A4B953-69DA-4105-B0CC-53C752879D67}.Debug|Any CPU.Build.0 = Debug|Any CPU
		{32A4B953-69DA-4105-B0CC-53C752879D67}.Release|Any CPU.ActiveCfg = Release|Any CPU
		{32A4B953-69DA-4105-B0CC-53C752879D67}.Release|Any CPU.Build.0 = Release|Any CPU
	EndGlobalSection
	GlobalSection(SolutionProperties) = preSolution
		HideSolutionNode = FALSE
	EndGlobalSection
	GlobalSection(ExtensibilityGlobals) = postSolution
		SolutionGuid = {3C7BBA47-0033-4017-860F-1DA67ECE3377}
	EndGlobalSection
EndGlobal
